
Microsoft Visual Studio Solution File, Format Version 12.00
# Visual Studio Version 17
VisualStudioVersion = 17.7.34031.279
MinimumVisualStudioVersion = 10.0.40219.1
Project("{FAE04EC0-301F-11D3-BF4B-00C04F79EFBC}") = "Ukolkni", "Ukolkni\Ukolkni.csproj", "{6944B634-8B07-4F42-B888-D8016D6C2783}"
EndProject
Project("{FAE04EC0-301F-11D3-BF4B-00C04F79EFBC}") = "RetezUtil", "RetezUtil\RetezUtil.csproj", "{FE5548E9-CB88-400C-B6AB-0033BAC74C91}"
EndProject
Global
	GlobalSection(SolutionConfigurationPlatforms) = preSolution
		Debug|Any CPU = Debug|Any CPU
		Release|Any CPU = Release|Any CPU
	EndGlobalSection
	GlobalSection(ProjectConfigurationPlatforms) = postSolution
		{6944B634-8B07-4F42-B888-D8016D6C2783}.Debug|Any CPU.ActiveCfg = Debug|Any CPU
		{6944B634-8B07-4F42-B888-D8016D6C2783}.Debug|Any CPU.Build.0 = Debug|Any CPU
		{6944B634-8B07-4F42-B888-D8016D6C2783}.Release|Any CPU.ActiveCfg = Release|Any CPU
		{6944B634-8B07-4F42-B888-D8016D6C2783}.Release|Any CPU.Build.0 = Release|Any CPU
		{FE5548E9-CB88-400C-B6AB-0033BAC74C91}.Debug|Any CPU.ActiveCfg = Debug|Any CPU
		{FE5548E9-CB88-400C-B6AB-0033BAC74C91}.Debug|Any CPU.Build.0 = Debug|Any CPU
		{FE5548E9-CB88-400C-B6AB-0033BAC74C91}.Release|Any CPU.ActiveCfg = Release|Any CPU
		{FE5548E9-CB88-400C-B6AB-0033BAC74C91}.Release|Any CPU.Build.0 = Release|Any CPU
	EndGlobalSection
	GlobalSection(SolutionProperties) = preSolution
		HideSolutionNode = FALSE
	EndGlobalSection
	GlobalSection(ExtensibilityGlobals) = postSolution
		SolutionGuid = {6E3F05DC-4B16-45B6-92F7-4F3CABCEFF35}
	EndGlobalSection
EndGlobal
